
Microsoft Visual Studio Solution File, Format Version 12.00
# Visual Studio Version 17
VisualStudioVersion = 17.14.36603.0 d17.14
MinimumVisualStudioVersion = 10.0.40219.1
Project("{FAE04EC0-301F-11D3-BF4B-00C04F79EFBC}") = "Study.Labs.Lab04", "Study.Labs.Lab04\Study.Labs.Lab04.csproj", "{E0CE9D5F-D866-43BF-8C0B-14419C768DE1}"
EndProject
Global
	GlobalSection(SolutionConfigurationPlatforms) = preSolution
		Debug|Any CPU = Debug|Any CPU
		Release|Any CPU = Release|Any CPU
	EndGlobalSection
	GlobalSection(ProjectConfigurationPlatforms) = postSolution
		{E0CE9D5F-D866-43BF-8C0B-14419C768DE1}.Debug|Any CPU.ActiveCfg = Debug|Any CPU
		{E0CE9D5F-D866-43BF-8C0B-14419C768DE1}.Debug|Any CPU.Build.0 = Debug|Any CPU
		{E0CE9D5F-D866-43BF-8C0B-14419C768DE1}.Release|Any CPU.ActiveCfg = Release|Any CPU
		{E0CE9D5F-D866-43BF-8C0B-14419C768DE1}.Release|Any CPU.Build.0 = Release|Any CPU
	EndGlobalSection
	GlobalSection(SolutionProperties) = preSolution
		HideSolutionNode = FALSE
	EndGlobalSection
	GlobalSection(ExtensibilityGlobals) = postSolution
		SolutionGuid = {3CEA0035-D335-4DB8-90DE-99EA82936078}
	EndGlobalSection
EndGlobal
